
Microsoft Visual Studio Solution File, Format Version 12.00
# Visual Studio 15
VisualStudioVersion = 15.0.27703.2018
MinimumVisualStudioVersion = 10.0.40219.1
Project("{FAE04EC0-301F-11D3-BF4B-00C04F79EFBC}") = "Test", "Test\Test.csproj", "{46154209-CB4D-4792-8A10-49F0F866B505}"
EndProject
Project("{FAE04EC0-301F-11D3-BF4B-00C04F79EFBC}") = "DAL", "DAL\DAL.csproj", "{462ADB7F-D8A1-4076-ADC2-E69A335077DD}"
EndProject
Project("{FAE04EC0-301F-11D3-BF4B-00C04F79EFBC}") = "DTO", "DTO\DTO.csproj", "{E7C94F7A-73F3-41CE-B758-3118A2465807}"
EndProject
Project("{FAE04EC0-301F-11D3-BF4B-00C04F79EFBC}") = "BUL", "BUL\BUL.csproj", "{BDD5F444-AA7E-45CB-B9DA-7E9391841934}"
EndProject
Global
	GlobalSection(SolutionConfigurationPlatforms) = preSolution
		Debug|Any CPU = Debug|Any CPU
		Release|Any CPU = Release|Any CPU
	EndGlobalSection
	GlobalSection(ProjectConfigurationPlatforms) = postSolution
		{46154209-CB4D-4792-8A10-49F0F866B505}.Debug|Any CPU.ActiveCfg = Debug|Any CPU
		{46154209-CB4D-4792-8A10-49F0F866B505}.Debug|Any CPU.Build.0 = Debug|Any CPU
		{46154209-CB4D-4792-8A10-49F0F866B505}.Release|Any CPU.ActiveCfg = Release|Any CPU
		{46154209-CB4D-4792-8A10-49F0F866B505}.Release|Any CPU.Build.0 = Release|Any CPU
		{462ADB7F-D8A1-4076-ADC2-E69A335077DD}.Debug|Any CPU.ActiveCfg = Debug|Any CPU
		{462ADB7F-D8A1-4076-ADC2-E69A335077DD}.Debug|Any CPU.Build.0 = Debug|Any CPU
		{462ADB7F-D8A1-4076-ADC2-E69A335077DD}.Release|Any CPU.ActiveCfg = Release|Any CPU
		{462ADB7F-D8A1-4076-ADC2-E69A335077DD}.Release|Any CPU.Build.0 = Release|Any CPU
		{E7C94F7A-73F3-41CE-B758-3118A2465807}.Debug|Any CPU.ActiveCfg = Debug|Any CPU
		{E7C94F7A-73F3-41CE-B758-3118A2465807}.Debug|Any CPU.Build.0 = Debug|Any CPU
		{E7C94F7A-73F3-41CE-B758-3118A2465807}.Release|Any CPU.ActiveCfg = Release|Any CPU
		{E7C94F7A-73F3-41CE-B758-3118A2465807}.Release|Any CPU.Build.0 = Release|Any CPU
		{BDD5F444-AA7E-45CB-B9DA-7E9391841934}.Debug|Any CPU.ActiveCfg = Debug|Any CPU
		{BDD5F444-AA7E-45CB-B9DA-7E9391841934}.Debug|Any CPU.Build.0 = Debug|Any CPU
		{BDD5F444-AA7E-45CB-B9DA-7E9391841934}.Release|Any CPU.ActiveCfg = Release|Any CPU
		{BDD5F444-AA7E-45CB-B9DA-7E9391841934}.Release|Any CPU.Build.0 = Release|Any CPU
	EndGlobalSection
	GlobalSection(SolutionProperties) = preSolution
		HideSolutionNode = FALSE
	EndGlobalSection
	GlobalSection(ExtensibilityGlobals) = postSolution
		SolutionGuid = {0B31EB66-561B-4F9E-9089-BA8D6A068A58}
	EndGlobalSection
EndGlobal
